{
  "version": 4,
  "terraform_version": "1.9.8",
  "serial": 48,
  "lineage": "ef679683-a4d0-817f-44b4-933a5ba24ab2",
  "outputs": {
    "app_public_ip": {
      "value": "20.223.139.223",
      "type": "string"
    },
    "jenkins_public_ip": {
      "value": "20.223.139.248",
      "type": "string"
    }
  },
  "resources": [
    {
      "mode": "data",
      "type": "http",
      "name": "my_ip",
      "provider": "provider[\"registry.terraform.io/hashicorp/http\"]",
      "instances": [
        {
          "schema_version": 0,
          "attributes": {
            "body": "95.214.228.68",
            "ca_cert_pem": null,
            "client_cert_pem": null,
            "client_key_pem": null,
            "id": "https://api.ipify.org",
            "insecure": null,
            "method": null,
            "request_body": null,
            "request_headers": null,
            "request_timeout_ms": null,
            "response_body": "95.214.228.68",
            "response_body_base64": "OTUuMjE0LjIyOC42OA==",
            "response_headers": {
              "Cf-Cache-Status": "DYNAMIC",
              "Cf-Ray": "9f916976cff50016-LHR",
              "Content-Length": "13",
              "Content-Type": "text/plain",
              "Date": "Sat, 09 May 2026 14:32:10 GMT",
              "Server": "cloudflare",
              "Vary": "Origin"
            },
            "retry": null,
            "status_code": 200,
            "url": "https://api.ipify.org"
          },
          "sensitive_attributes": []
        }
      ]
    },
    {
      "mode": "managed",
      "type": "azurerm_network_security_group",
      "name": "nsg",
      "provider": "provider[\"registry.terraform.io/hashicorp/azurerm\"]",
      "instances": [
        {
          "schema_version": 0,
          "attributes": {
            "id": "/subscriptions/6fb1fdac-61ae-423c-bbd9-e4a355f030ec/resourceGroups/Hello-rg/providers/Microsoft.Network/networkSecurityGroups/Hello-nsg",
            "location": "northeurope",
            "name": "Hello-nsg",
            "resource_group_name": "Hello-rg",
            "security_rule": [
              {
                "access": "Allow",
                "description": "",
                "destination_address_prefix": "*",
                "destination_address_prefixes": [],
                "destination_application_security_group_ids": [],
                "destination_port_range": "22",
                "destination_port_ranges": [],
                "direction": "Inbound",
                "name": "AllowSSH",
                "priority": 100,
                "protocol": "Tcp",
                "source_address_prefix": "95.214.228.68/32",
                "source_address_prefixes": [],
                "source_application_security_group_ids": [],
                "source_port_range": "*",
                "source_port_ranges": []
              },
              {
                "access": "Allow",
                "description": "",
                "destination_address_prefix": "*",
                "destination_address_prefixes": [],
                "destination_application_security_group_ids": [],
                "destination_port_range": "80",
                "destination_port_ranges": [],
                "direction": "Inbound",
                "name": "AllowHTTP",
                "priority": 120,
                "protocol": "Tcp",
                "source_address_prefix": "95.214.228.68/32",
                "source_address_prefixes": [],
                "source_application_security_group_ids": [],
                "source_port_range": "*",
                "source_port_ranges": []
              },
              {
                "access": "Allow",
                "description": "",
                "destination_address_prefix": "*",
                "destination_address_prefixes": [],
                "destination_application_security_group_ids": [],
                "destination_port_range": "8080",
                "destination_port_ranges": [],
                "direction": "Inbound",
                "name": "AllowJenkins",
                "priority": 110,
                "protocol": "Tcp",
                "source_address_prefix": "95.214.228.68/32",
                "source_address_prefixes": [],
                "source_application_security_group_ids": [],
                "source_port_range": "*",
                "source_port_ranges": []
              }
            ],
            "tags": null,
            "timeouts": null
          },
          "sensitive_attributes": [],
          "private": "eyJlMmJmYjczMC1lY2FhLTExZTYtOGY4OC0zNDM2M2JjN2M0YzAiOnsiY3JlYXRlIjoxODAwMDAwMDAwMDAwLCJkZWxldGUiOjE4MDAwMDAwMDAwMDAsInJlYWQiOjMwMDAwMDAwMDAwMCwidXBkYXRlIjoxODAwMDAwMDAwMDAwfX0=",
          "dependencies": [
            "azurerm_resource_group.rg",
            "data.http.my_ip"
          ]
        }
      ]
    },
    {
      "mode": "managed",
      "type": "azurerm_resource_group",
      "name": "rg",
      "provider": "provider[\"registry.terraform.io/hashicorp/azurerm\"]",
      "instances": [
        {
          "schema_version": 0,
          "attributes": {
            "id": "/subscriptions/6fb1fdac-61ae-423c-bbd9-e4a355f030ec/resourceGroups/Hello-rg",
            "location": "northeurope",
            "managed_by": "",
            "name": "Hello-rg",
            "tags": null,
            "timeouts": null
          },
          "sensitive_attributes": [],
          "private": "eyJlMmJmYjczMC1lY2FhLTExZTYtOGY4OC0zNDM2M2JjN2M0YzAiOnsiY3JlYXRlIjo1NDAwMDAwMDAwMDAwLCJkZWxldGUiOjU0MDAwMDAwMDAwMDAsInJlYWQiOjMwMDAwMDAwMDAwMCwidXBkYXRlIjo1NDAwMDAwMDAwMDAwfX0="
        }
      ]
    },
    {
      "mode": "managed",
      "type": "azurerm_subnet",
      "name": "subnet",
      "provider": "provider[\"registry.terraform.io/hashicorp/azurerm\"]",
      "instances": [
        {
          "schema_version": 0,
          "attributes": {
            "address_prefixes": [
              "10.0.1.0/24"
            ],
            "default_outbound_access_enabled": true,
            "delegation": [],
            "enforce_private_link_endpoint_network_policies": false,
            "enforce_private_link_service_network_policies": false,
            "id": "/subscriptions/6fb1fdac-61ae-423c-bbd9-e4a355f030ec/resourceGroups/Hello-rg/providers/Microsoft.Network/virtualNetworks/Hello-vnet/subnets/Hello-subnet",
            "name": "Hello-subnet",
            "private_endpoint_network_policies": "Enabled",
            "private_endpoint_network_policies_enabled": true,
            "private_link_service_network_policies_enabled": true,
            "resource_group_name": "Hello-rg",
            "service_endpoint_policy_ids": null,
            "service_endpoints": null,
            "timeouts": null,
            "virtual_network_name": "Hello-vnet"
          },
          "sensitive_attributes": [],
          "private": "eyJlMmJmYjczMC1lY2FhLTExZTYtOGY4OC0zNDM2M2JjN2M0YzAiOnsiY3JlYXRlIjoxODAwMDAwMDAwMDAwLCJkZWxldGUiOjE4MDAwMDAwMDAwMDAsInJlYWQiOjMwMDAwMDAwMDAwMCwidXBkYXRlIjoxODAwMDAwMDAwMDAwfX0=",
          "dependencies": [
            "azurerm_resource_group.rg",
            "azurerm_virtual_network.vnet"
          ]
        }
      ]
    },
    {
      "mode": "managed",
      "type": "azurerm_virtual_network",
      "name": "vnet",
      "provider": "provider[\"registry.terraform.io/hashicorp/azurerm\"]",
      "instances": [
        {
          "schema_version": 0,
          "attributes": {
            "address_space": [
              "10.0.0.0/16"
            ],
            "bgp_community": "",
            "ddos_protection_plan": [],
            "dns_servers": [],
            "edge_zone": "",
            "encryption": [],
            "flow_timeout_in_minutes": 0,
            "guid": "f53ce1f6-45cb-402e-8cc6-bbd8ef89f10b",
            "id": "/subscriptions/6fb1fdac-61ae-423c-bbd9-e4a355f030ec/resourceGroups/Hello-rg/providers/Microsoft.Network/virtualNetworks/Hello-vnet",
            "location": "northeurope",
            "name": "Hello-vnet",
            "resource_group_name": "Hello-rg",
            "subnet": [],
            "tags": null,
            "timeouts": null
          },
          "sensitive_attributes": [],
          "private": "eyJlMmJmYjczMC1lY2FhLTExZTYtOGY4OC0zNDM2M2JjN2M0YzAiOnsiY3JlYXRlIjoxODAwMDAwMDAwMDAwLCJkZWxldGUiOjE4MDAwMDAwMDAwMDAsInJlYWQiOjMwMDAwMDAwMDAwMCwidXBkYXRlIjoxODAwMDAwMDAwMDAwfX0=",
          "dependencies": [
            "azurerm_resource_group.rg"
          ]
        }
      ]
    },
    {
      "module": "module.app_vm",
      "mode": "managed",
      "type": "azurerm_linux_virtual_machine",
      "name": "vm",
      "provider": "provider[\"registry.terraform.io/hashicorp/azurerm\"]",
      "instances": [
        {
          "schema_version": 0,
          "attributes": {
            "additional_capabilities": [],
            "admin_password": null,
            "admin_ssh_key": [
              {
                "public_key": "ssh-rsa AAAAB3NzaC1yc2EAAAADAQABAAACAQDIqBbliNyBt1JSnkJzEc+IBXZw4lqKmdr6hTE9dFXYu+j4Q7qt16eWjjSitjWFS9s+1HVaH5crYUiStv+An0u0dybDA0n9xQPNOSP6RN9Dg/IYQuUi+yGTap2aa9dL/fgsoZHdWqKsPu987g8/8MSfdShKXnGfgvMt8jtYv26qu/Jdiz3Zk/FRMyXnMnbmpYhe2+t39zN3d8JpeA0uf4w1UGiC41MdBVizmNxqVkPjNw+fKwf/H7gH761RXNYeecuyXCUiPYGdacSLUSeXd6L7K1MowcD3wNUfnk4yi7MXxc5LJV0k0VQqHlm6ccFDHKah8pqLDWjEsK4DPUWb/Zvws/mqkDhyIEO2Om/W+HijRiOifitacwwvU7uxVmjBl6TGvJrgajOx1ZqqVWHjzZqS9tFAh+gYOEr9OaWcP7qE51CsCCeYOHabXT2QNk0xJyLqd1aMAO1zs29h7Nw4C7bMWWHfZvLI3D43CZFLoyUhkto86a5wIz7t11CvOexCuyRSLPJztX2pvBYPFY3FLjCw+3mSRq/bvJTPPN2VdsdGQW8WaBYEK4OXf2ioNFWqgta7NRZ0tyMlXnAToFclYdVrmsjLVIJzGcHhbDaCZu0Ruef7FMMnBmkjDCVL5DFQbR/CAuG3H2CDGaaMuNF2bBa89l+eXjupHtdu1CHaNRkFaw== azure-terraform-key",
                "username": "vinadmin"
              }
            ],
            "admin_username": "vinadmin",
            "allow_extension_operations": true,
            "availability_set_id": "",
            "boot_diagnostics": [],
            "bypass_platform_safety_checks_on_user_schedule_enabled": false,
            "capacity_reservation_group_id": "",
            "computer_name": "app-vm-01",
            "custom_data": null,
            "dedicated_host_group_id": "",
            "dedicated_host_id": "",
            "disable_password_authentication": true,
            "disk_controller_type": "",
            "edge_zone": "",
            "encryption_at_host_enabled": false,
            "eviction_policy": "",
            "extensions_time_budget": "PT1H30M",
            "gallery_application": [],
            "id": "/subscriptions/6fb1fdac-61ae-423c-bbd9-e4a355f030ec/resourceGroups/Hello-rg/providers/Microsoft.Compute/virtualMachines/app-vm-01",
            "identity": [],
            "license_type": "",
            "location": "northeurope",
            "max_bid_price": -1,
            "name": "app-vm-01",
            "network_interface_ids": [
              "/subscriptions/6fb1fdac-61ae-423c-bbd9-e4a355f030ec/resourceGroups/Hello-rg/providers/Microsoft.Network/networkInterfaces/app-vm-01-nic"
            ],
            "os_disk": [
              {
                "caching": "ReadWrite",
                "diff_disk_settings": [],
                "disk_encryption_set_id": "",
                "disk_size_gb": 30,
                "name": "app-vm-01_disk1_9cd5184258f94cb8960a184345ed46be",
                "secure_vm_disk_encryption_set_id": "",
                "security_encryption_type": "",
                "storage_account_type": "Standard_LRS",
                "write_accelerator_enabled": false
              }
            ],
            "os_image_notification": [],
            "patch_assessment_mode": "ImageDefault",
            "patch_mode": "ImageDefault",
            "plan": [],
            "platform_fault_domain": -1,
            "priority": "Regular",
            "private_ip_address": "10.0.1.4",
            "private_ip_addresses": [
              "10.0.1.4"
            ],
            "provision_vm_agent": true,
            "proximity_placement_group_id": "",
            "public_ip_address": "20.223.139.223",
            "public_ip_addresses": [
              "20.223.139.223"
            ],
            "reboot_setting": "",
            "resource_group_name": "Hello-rg",
            "secret": [],
            "secure_boot_enabled": false,
            "size": "Standard_B2s",
            "source_image_id": "",
            "source_image_reference": [
              {
                "offer": "0001-com-ubuntu-server-jammy",
                "publisher": "Canonical",
                "sku": "22_04-lts",
                "version": "latest"
              }
            ],
            "tags": null,
            "termination_notification": null,
            "timeouts": null,
            "user_data": "",
            "virtual_machine_id": "30ccbe32-d770-4b4c-8274-5be3b13c4b8b",
            "virtual_machine_scale_set_id": "",
            "vm_agent_platform_updates_enabled": true,
            "vtpm_enabled": false,
            "zone": ""
          },
          "sensitive_attributes": [
            [
              {
                "type": "get_attr",
                "value": "custom_data"
              }
            ],
            [
              {
                "type": "get_attr",
                "value": "admin_password"
              }
            ]
          ],
          "private": "eyJlMmJmYjczMC1lY2FhLTExZTYtOGY4OC0zNDM2M2JjN2M0YzAiOnsiY3JlYXRlIjoyNzAwMDAwMDAwMDAwLCJkZWxldGUiOjI3MDAwMDAwMDAwMDAsInJlYWQiOjMwMDAwMDAwMDAwMCwidXBkYXRlIjoyNzAwMDAwMDAwMDAwfX0=",
          "dependencies": [
            "azurerm_resource_group.rg",
            "azurerm_subnet.subnet",
            "azurerm_virtual_network.vnet",
            "module.app_vm.azurerm_network_interface.nic",
            "module.app_vm.azurerm_public_ip.pip"
          ]
        }
      ]
    },
    {
      "module": "module.app_vm",
      "mode": "managed",
      "type": "azurerm_network_interface",
      "name": "nic",
      "provider": "provider[\"registry.terraform.io/hashicorp/azurerm\"]",
      "instances": [
        {
          "schema_version": 0,
          "attributes": {
            "accelerated_networking_enabled": false,
            "applied_dns_servers": [],
            "auxiliary_mode": "",
            "auxiliary_sku": "",
            "dns_servers": [],
            "edge_zone": "",
            "enable_accelerated_networking": false,
            "enable_ip_forwarding": false,
            "id": "/subscriptions/6fb1fdac-61ae-423c-bbd9-e4a355f030ec/resourceGroups/Hello-rg/providers/Microsoft.Network/networkInterfaces/app-vm-01-nic",
            "internal_dns_name_label": "",
            "internal_domain_name_suffix": "41qtz3oliuxebdggxpmo5cprbd.fx.internal.cloudapp.net",
            "ip_configuration": [
              {
                "gateway_load_balancer_frontend_ip_configuration_id": "",
                "name": "ipconfig",
                "primary": true,
                "private_ip_address": "10.0.1.4",
                "private_ip_address_allocation": "Dynamic",
                "private_ip_address_version": "IPv4",
                "public_ip_address_id": "/subscriptions/6fb1fdac-61ae-423c-bbd9-e4a355f030ec/resourceGroups/Hello-rg/providers/Microsoft.Network/publicIPAddresses/app-vm-01-pip",
                "subnet_id": "/subscriptions/6fb1fdac-61ae-423c-bbd9-e4a355f030ec/resourceGroups/Hello-rg/providers/Microsoft.Network/virtualNetworks/Hello-vnet/subnets/Hello-subnet"
              }
            ],
            "ip_forwarding_enabled": false,
            "location": "northeurope",
            "mac_address": "",
            "name": "app-vm-01-nic",
            "private_ip_address": "10.0.1.4",
            "private_ip_addresses": [
              "10.0.1.4"
            ],
            "resource_group_name": "Hello-rg",
            "tags": null,
            "timeouts": null,
            "virtual_machine_id": ""
          },
          "sensitive_attributes": [],
          "private": "eyJlMmJmYjczMC1lY2FhLTExZTYtOGY4OC0zNDM2M2JjN2M0YzAiOnsiY3JlYXRlIjoxODAwMDAwMDAwMDAwLCJkZWxldGUiOjE4MDAwMDAwMDAwMDAsInJlYWQiOjMwMDAwMDAwMDAwMCwidXBkYXRlIjoxODAwMDAwMDAwMDAwfX0=",
          "dependencies": [
            "azurerm_resource_group.rg",
            "azurerm_subnet.subnet",
            "azurerm_virtual_network.vnet",
            "module.app_vm.azurerm_public_ip.pip"
          ]
        }
      ]
    },
    {
      "module": "module.app_vm",
      "mode": "managed",
      "type": "azurerm_public_ip",
      "name": "pip",
      "provider": "provider[\"registry.terraform.io/hashicorp/azurerm\"]",
      "instances": [
        {
          "schema_version": 0,
          "attributes": {
            "allocation_method": "Static",
            "ddos_protection_mode": "VirtualNetworkInherited",
            "ddos_protection_plan_id": null,
            "domain_name_label": null,
            "edge_zone": "",
            "fqdn": null,
            "id": "/subscriptions/6fb1fdac-61ae-423c-bbd9-e4a355f030ec/resourceGroups/Hello-rg/providers/Microsoft.Network/publicIPAddresses/app-vm-01-pip",
            "idle_timeout_in_minutes": 4,
            "ip_address": "20.223.139.223",
            "ip_tags": null,
            "ip_version": "IPv4",
            "location": "northeurope",
            "name": "app-vm-01-pip",
            "public_ip_prefix_id": null,
            "resource_group_name": "Hello-rg",
            "reverse_fqdn": null,
            "sku": "Basic",
            "sku_tier": "Regional",
            "tags": null,
            "timeouts": null,
            "zones": null
          },
          "sensitive_attributes": [],
          "private": "eyJlMmJmYjczMC1lY2FhLTExZTYtOGY4OC0zNDM2M2JjN2M0YzAiOnsiY3JlYXRlIjoxODAwMDAwMDAwMDAwLCJkZWxldGUiOjE4MDAwMDAwMDAwMDAsInJlYWQiOjMwMDAwMDAwMDAwMCwidXBkYXRlIjoxODAwMDAwMDAwMDAwfX0=",
          "dependencies": [
            "azurerm_resource_group.rg"
          ]
        }
      ]
    },
    {
      "module": "module.jenkins_vm",
      "mode": "managed",
      "type": "azurerm_linux_virtual_machine",
      "name": "vm",
      "provider": "provider[\"registry.terraform.io/hashicorp/azurerm\"]",
      "instances": [
        {
          "schema_version": 0,
          "attributes": {
            "additional_capabilities": [],
            "admin_password": null,
            "admin_ssh_key": [
              {
                "public_key": "ssh-rsa AAAAB3NzaC1yc2EAAAADAQABAAACAQDIqBbliNyBt1JSnkJzEc+IBXZw4lqKmdr6hTE9dFXYu+j4Q7qt16eWjjSitjWFS9s+1HVaH5crYUiStv+An0u0dybDA0n9xQPNOSP6RN9Dg/IYQuUi+yGTap2aa9dL/fgsoZHdWqKsPu987g8/8MSfdShKXnGfgvMt8jtYv26qu/Jdiz3Zk/FRMyXnMnbmpYhe2+t39zN3d8JpeA0uf4w1UGiC41MdBVizmNxqVkPjNw+fKwf/H7gH761RXNYeecuyXCUiPYGdacSLUSeXd6L7K1MowcD3wNUfnk4yi7MXxc5LJV0k0VQqHlm6ccFDHKah8pqLDWjEsK4DPUWb/Zvws/mqkDhyIEO2Om/W+HijRiOifitacwwvU7uxVmjBl6TGvJrgajOx1ZqqVWHjzZqS9tFAh+gYOEr9OaWcP7qE51CsCCeYOHabXT2QNk0xJyLqd1aMAO1zs29h7Nw4C7bMWWHfZvLI3D43CZFLoyUhkto86a5wIz7t11CvOexCuyRSLPJztX2pvBYPFY3FLjCw+3mSRq/bvJTPPN2VdsdGQW8WaBYEK4OXf2ioNFWqgta7NRZ0tyMlXnAToFclYdVrmsjLVIJzGcHhbDaCZu0Ruef7FMMnBmkjDCVL5DFQbR/CAuG3H2CDGaaMuNF2bBa89l+eXjupHtdu1CHaNRkFaw== azure-terraform-key",
                "username": "vinadmin"
              }
            ],
            "admin_username": "vinadmin",
            "allow_extension_operations": true,
            "availability_set_id": "",
            "boot_diagnostics": [],
            "bypass_platform_safety_checks_on_user_schedule_enabled": false,
            "capacity_reservation_group_id": "",
            "computer_name": "jenkins-vm-01",
            "custom_data": null,
            "dedicated_host_group_id": "",
            "dedicated_host_id": "",
            "disable_password_authentication": true,
            "disk_controller_type": "",
            "edge_zone": "",
            "encryption_at_host_enabled": false,
            "eviction_policy": "",
            "extensions_time_budget": "PT1H30M",
            "gallery_application": [],
            "id": "/subscriptions/6fb1fdac-61ae-423c-bbd9-e4a355f030ec/resourceGroups/Hello-rg/providers/Microsoft.Compute/virtualMachines/jenkins-vm-01",
            "identity": [],
            "license_type": "",
            "location": "northeurope",
            "max_bid_price": -1,
            "name": "jenkins-vm-01",
            "network_interface_ids": [
              "/subscriptions/6fb1fdac-61ae-423c-bbd9-e4a355f030ec/resourceGroups/Hello-rg/providers/Microsoft.Network/networkInterfaces/jenkins-vm-01-nic"
            ],
            "os_disk": [
              {
                "caching": "ReadWrite",
                "diff_disk_settings": [],
                "disk_encryption_set_id": "",
                "disk_size_gb": 30,
                "name": "jenkins-vm-01_OsDisk_1_560b4388716248c6be82da9dcfa8458b",
                "secure_vm_disk_encryption_set_id": "",
                "security_encryption_type": "",
                "storage_account_type": "Standard_LRS",
                "write_accelerator_enabled": false
              }
            ],
            "os_image_notification": [],
            "patch_assessment_mode": "ImageDefault",
            "patch_mode": "ImageDefault",
            "plan": [],
            "platform_fault_domain": -1,
            "priority": "Regular",
            "private_ip_address": "10.0.1.5",
            "private_ip_addresses": [
              "10.0.1.5"
            ],
            "provision_vm_agent": true,
            "proximity_placement_group_id": "",
            "public_ip_address": "20.223.139.248",
            "public_ip_addresses": [
              "20.223.139.248"
            ],
            "reboot_setting": "",
            "resource_group_name": "Hello-rg",
            "secret": [],
            "secure_boot_enabled": false,
            "size": "Standard_B2s",
            "source_image_id": "",
            "source_image_reference": [
              {
                "offer": "0001-com-ubuntu-server-jammy",
                "publisher": "Canonical",
                "sku": "22_04-lts",
                "version": "latest"
              }
            ],
            "tags": null,
            "termination_notification": null,
            "timeouts": null,
            "user_data": "",
            "virtual_machine_id": "1f51c513-ccd5-4b75-bc36-db522530e3dd",
            "virtual_machine_scale_set_id": "",
            "vm_agent_platform_updates_enabled": true,
            "vtpm_enabled": false,
            "zone": ""
          },
          "sensitive_attributes": [
            [
              {
                "type": "get_attr",
                "value": "admin_password"
              }
            ],
            [
              {
                "type": "get_attr",
                "value": "custom_data"
              }
            ]
          ],
          "private": "eyJlMmJmYjczMC1lY2FhLTExZTYtOGY4OC0zNDM2M2JjN2M0YzAiOnsiY3JlYXRlIjoyNzAwMDAwMDAwMDAwLCJkZWxldGUiOjI3MDAwMDAwMDAwMDAsInJlYWQiOjMwMDAwMDAwMDAwMCwidXBkYXRlIjoyNzAwMDAwMDAwMDAwfX0=",
          "dependencies": [
            "azurerm_resource_group.rg",
            "azurerm_subnet.subnet",
            "azurerm_virtual_network.vnet",
            "module.jenkins_vm.azurerm_network_interface.nic",
            "module.jenkins_vm.azurerm_public_ip.pip"
          ]
        }
      ]
    },
    {
      "module": "module.jenkins_vm",
      "mode": "managed",
      "type": "azurerm_network_interface",
      "name": "nic",
      "provider": "provider[\"registry.terraform.io/hashicorp/azurerm\"]",
      "instances": [
        {
          "schema_version": 0,
          "attributes": {
            "accelerated_networking_enabled": false,
            "applied_dns_servers": [],
            "auxiliary_mode": "",
            "auxiliary_sku": "",
            "dns_servers": [],
            "edge_zone": "",
            "enable_accelerated_networking": false,
            "enable_ip_forwarding": false,
            "id": "/subscriptions/6fb1fdac-61ae-423c-bbd9-e4a355f030ec/resourceGroups/Hello-rg/providers/Microsoft.Network/networkInterfaces/jenkins-vm-01-nic",
            "internal_dns_name_label": "",
            "internal_domain_name_suffix": "41qtz3oliuxebdggxpmo5cprbd.fx.internal.cloudapp.net",
            "ip_configuration": [
              {
                "gateway_load_balancer_frontend_ip_configuration_id": "",
                "name": "ipconfig",
                "primary": true,
                "private_ip_address": "10.0.1.5",
                "private_ip_address_allocation": "Dynamic",
                "private_ip_address_version": "IPv4",
                "public_ip_address_id": "/subscriptions/6fb1fdac-61ae-423c-bbd9-e4a355f030ec/resourceGroups/Hello-rg/providers/Microsoft.Network/publicIPAddresses/jenkins-vm-01-pip",
                "subnet_id": "/subscriptions/6fb1fdac-61ae-423c-bbd9-e4a355f030ec/resourceGroups/Hello-rg/providers/Microsoft.Network/virtualNetworks/Hello-vnet/subnets/Hello-subnet"
              }
            ],
            "ip_forwarding_enabled": false,
            "location": "northeurope",
            "mac_address": "",
            "name": "jenkins-vm-01-nic",
            "private_ip_address": "10.0.1.5",
            "private_ip_addresses": [
              "10.0.1.5"
            ],
            "resource_group_name": "Hello-rg",
            "tags": null,
            "timeouts": null,
            "virtual_machine_id": ""
          },
          "sensitive_attributes": [],
          "private": "eyJlMmJmYjczMC1lY2FhLTExZTYtOGY4OC0zNDM2M2JjN2M0YzAiOnsiY3JlYXRlIjoxODAwMDAwMDAwMDAwLCJkZWxldGUiOjE4MDAwMDAwMDAwMDAsInJlYWQiOjMwMDAwMDAwMDAwMCwidXBkYXRlIjoxODAwMDAwMDAwMDAwfX0=",
          "dependencies": [
            "azurerm_resource_group.rg",
            "azurerm_subnet.subnet",
            "azurerm_virtual_network.vnet",
            "module.jenkins_vm.azurerm_public_ip.pip"
          ]
        }
      ]
    },
    {
      "module": "module.jenkins_vm",
      "mode": "managed",
      "type": "azurerm_public_ip",
      "name": "pip",
      "provider": "provider[\"registry.terraform.io/hashicorp/azurerm\"]",
      "instances": [
        {
          "schema_version": 0,
          "attributes": {
            "allocation_method": "Static",
            "ddos_protection_mode": "VirtualNetworkInherited",
            "ddos_protection_plan_id": null,
            "domain_name_label": null,
            "edge_zone": "",
            "fqdn": null,
            "id": "/subscriptions/6fb1fdac-61ae-423c-bbd9-e4a355f030ec/resourceGroups/Hello-rg/providers/Microsoft.Network/publicIPAddresses/jenkins-vm-01-pip",
            "idle_timeout_in_minutes": 4,
            "ip_address": "20.223.139.248",
            "ip_tags": null,
            "ip_version": "IPv4",
            "location": "northeurope",
            "name": "jenkins-vm-01-pip",
            "public_ip_prefix_id": null,
            "resource_group_name": "Hello-rg",
            "reverse_fqdn": null,
            "sku": "Basic",
            "sku_tier": "Regional",
            "tags": null,
            "timeouts": null,
            "zones": null
          },
          "sensitive_attributes": [],
          "private": "eyJlMmJmYjczMC1lY2FhLTExZTYtOGY4OC0zNDM2M2JjN2M0YzAiOnsiY3JlYXRlIjoxODAwMDAwMDAwMDAwLCJkZWxldGUiOjE4MDAwMDAwMDAwMDAsInJlYWQiOjMwMDAwMDAwMDAwMCwidXBkYXRlIjoxODAwMDAwMDAwMDAwfX0=",
          "dependencies": [
            "azurerm_resource_group.rg"
          ]
        }
      ]
    }
  ],
  "check_results": null
}
